{
  "name": "bootleaf-second",
  "lockfileVersion": 2,
  "requires": true,
  "packages": {
    "": {
      "dependencies": {
        "@fortawesome/fontawesome-free": "^5.15.3",
        "leaflet-sleep": "^0.5.2"
      }
    },
    "node_modules/@fortawesome/fontawesome-free": {
      "version": "5.15.3",
      "resolved": "https://registry.npmjs.org/@fortawesome/fontawesome-free/-/fontawesome-free-5.15.3.tgz",
      "integrity": "sha512-rFnSUN/QOtnOAgqFRooTA3H57JLDm0QEG/jPdk+tLQNL/eWd+Aok8g3qCI+Q1xuDPWpGW/i9JySpJVsq8Q0s9w==",
      "hasInstallScript": true,
      "engines": {
        "node": ">=6"
      }
    },
    "node_modules/leaflet-sleep": {
      "version": "0.5.2",
      "resolved": "https://registry.npmjs.org/leaflet-sleep/-/leaflet-sleep-0.5.2.tgz",
      "integrity": "sha512-Los9EAa3PJi9syu9aX579U5YWv8ESl/OpzUv04wMgHiaUmmTRcUtcxrjCm0WgzvOBAN1cBV7gGw2zMgVzD0ZFg=="
    }
  },
  "dependencies": {
    "@fortawesome/fontawesome-free": {
      "version": "5.15.3",
      "resolved": "https://registry.npmjs.org/@fortawesome/fontawesome-free/-/fontawesome-free-5.15.3.tgz",
      "integrity": "sha512-rFnSUN/QOtnOAgqFRooTA3H57JLDm0QEG/jPdk+tLQNL/eWd+Aok8g3qCI+Q1xuDPWpGW/i9JySpJVsq8Q0s9w=="
    },
    "leaflet-sleep": {
      "version": "0.5.2",
      "resolved": "https://registry.npmjs.org/leaflet-sleep/-/leaflet-sleep-0.5.2.tgz",
      "integrity": "sha512-Los9EAa3PJi9syu9aX579U5YWv8ESl/OpzUv04wMgHiaUmmTRcUtcxrjCm0WgzvOBAN1cBV7gGw2zMgVzD0ZFg=="
    }
  }
}
